// !$*UTF8*$!
{
	archiveVersion = 1;
	classes = {
	};
	objectVersion = 55;
	objects = {

/* Begin PBXBuildFile section */
		499F4FED296B82A600AF6699 /* AppDelegate.swift in Sources */ = {isa = PBXBuildFile; fileRef = 499F4FEC296B82A600AF6699 /* AppDelegate.swift */; };
		499F4FEF296B82A600AF6699 /* SceneDelegate.swift in Sources */ = {isa = PBXBuildFile; fileRef = 499F4FEE296B82A600AF6699 /* SceneDelegate.swift */; };
		499F4FF1296B82A600AF6699 /* ViewController.swift in Sources */ = {isa = PBXBuildFile; fileRef = 499F4FF0296B82A600AF6699 /* ViewController.swift */; };
		499F4FF6296B82AA00AF6699 /* Assets.xcassets in Resources */ = {isa = PBXBuildFile; fileRef = 499F4FF5296B82AA00AF6699 /* Assets.xcassets */; };
		499F4FF9296B82AA00AF6699 /* LaunchScreen.storyboard in Resources */ = {isa = PBXBuildFile; fileRef = 499F4FF7296B82AA00AF6699 /* LaunchScreen.storyboard */; };
		499F5003296B8AEB00AF6699 /* CommentView.swift in Sources */ = {isa = PBXBuildFile; fileRef = 499F5002296B8AEB00AF6699 /* CommentView.swift */; };
		499F5007296B8B5B00AF6699 /* LeftSortView.swift in Sources */ = {isa = PBXBuildFile; fileRef = 499F5006296B8B5B00AF6699 /* LeftSortView.swift */; };
		499F500B296B908D00AF6699 /* Extension+UIViewController.swift in Sources */ = {isa = PBXBuildFile; fileRef = 499F500A296B908D00AF6699 /* Extension+UIViewController.swift */; };
		499F500E296B935500AF6699 /* UIViewPreview.swift in Sources */ = {isa = PBXBuildFile; fileRef = 499F500D296B935500AF6699 /* UIViewPreview.swift */; };
		499F5010296B9C7800AF6699 /* RightSortView.swift in Sources */ = {isa = PBXBuildFile; fileRef = 499F500F296B9C7800AF6699 /* RightSortView.swift */; };
		499F5012296BA18D00AF6699 /* TopSortView.swift in Sources */ = {isa = PBXBuildFile; fileRef = 499F5011296BA18D00AF6699 /* TopSortView.swift */; };
		499F5015296BA6F900AF6699 /* CommentCollectionViewCell.swift in Sources */ = {isa = PBXBuildFile; fileRef = 499F5014296BA6F900AF6699 /* CommentCollectionViewCell.swift */; };
		499F5017296BBCD400AF6699 /* FixHegithViewController.swift in Sources */ = {isa = PBXBuildFile; fileRef = 499F5016296BBCD400AF6699 /* FixHegithViewController.swift */; };
		499F5019296BC05400AF6699 /* CommentViewController.swift in Sources */ = {isa = PBXBuildFile; fileRef = 499F5018296BC05400AF6699 /* CommentViewController.swift */; };
		499F501B296BC3E700AF6699 /* ContentCell.swift in Sources */ = {isa = PBXBuildFile; fileRef = 499F501A296BC3E700AF6699 /* ContentCell.swift */; };
		499F501E296BC6C800AF6699 /* ContentCreatorView.swift in Sources */ = {isa = PBXBuildFile; fileRef = 499F501D296BC6C800AF6699 /* ContentCreatorView.swift */; };
		499F5020296BCBF300AF6699 /* ImageAndLabelView.swift in Sources */ = {isa = PBXBuildFile; fileRef = 499F501F296BCBF300AF6699 /* ImageAndLabelView.swift */; };
		499F5022296BD70C00AF6699 /* IconAndLabelStackView.swift in Sources */ = {isa = PBXBuildFile; fileRef = 499F5021296BD70C00AF6699 /* IconAndLabelStackView.swift */; };
		499F5024296BDA6A00AF6699 /* SeparatorView.swift in Sources */ = {isa = PBXBuildFile; fileRef = 499F5023296BDA6A00AF6699 /* SeparatorView.swift */; };
/* End PBXBuildFile section */

/* Begin PBXFileReference section */
		499F4FE9296B82A600AF6699 /* ScrollViewCollectionHeight.app */ = {isa = PBXFileReference; explicitFileType = wrapper.application; includeInIndex = 0; path = ScrollViewCollectionHeight.app; sourceTree = BUILT_PRODUCTS_DIR; };
		499F4FEC296B82A600AF6699 /* AppDelegate.swift */ = {isa = PBXFileReference; lastKnownFileType = sourcecode.swift; path = AppDelegate.swift; sourceTree = "<group>"; };
		499F4FEE296B82A600AF6699 /* SceneDelegate.swift */ = {isa = PBXFileReference; lastKnownFileType = sourcecode.swift; path = SceneDelegate.swift; sourceTree = "<group>"; };
		499F4FF0296B82A600AF6699 /* ViewController.swift */ = {isa = PBXFileReference; lastKnownFileType = sourcecode.swift; path = ViewController.swift; sourceTree = "<group>"; };
		499F4FF5296B82AA00AF6699 /* Assets.xcassets */ = {isa = PBXFileReference; lastKnownFileType = folder.assetcatalog; path = Assets.xcassets; sourceTree = "<group>"; };
		499F4FF8296B82AA00AF6699 /* Base */ = {isa = PBXFileReference; lastKnownFileType = file.storyboard; name = Base; path = Base.lproj/LaunchScreen.storyboard; sourceTree = "<group>"; };
		499F4FFA296B82AA00AF6699 /* Info.plist */ = {isa = PBXFileReference; lastKnownFileType = text.plist.xml; path = Info.plist; sourceTree = "<group>"; };
		499F5002296B8AEB00AF6699 /* CommentView.swift */ = {isa = PBXFileReference; lastKnownFileType = sourcecode.swift; path = CommentView.swift; sourceTree = "<group>"; };
		499F5006296B8B5B00AF6699 /* LeftSortView.swift */ = {isa = PBXFileReference; lastKnownFileType = sourcecode.swift; path = LeftSortView.swift; sourceTree = "<group>"; };
		499F500A296B908D00AF6699 /* Extension+UIViewController.swift */ = {isa = PBXFileReference; lastKnownFileType = sourcecode.swift; path = "Extension+UIViewController.swift"; sourceTree = "<group>"; };
		499F500D296B935500AF6699 /* UIViewPreview.swift */ = {isa = PBXFileReference; lastKnownFileType = sourcecode.swift; path = UIViewPreview.swift; sourceTree = "<group>"; };
		499F500F296B9C7800AF6699 /* RightSortView.swift */ = {isa = PBXFileReference; lastKnownFileType = sourcecode.swift; path = RightSortView.swift; sourceTree = "<group>"; };
		499F5011296BA18D00AF6699 /* TopSortView.swift */ = {isa = PBXFileReference; lastKnownFileType = sourcecode.swift; path = TopSortView.swift; sourceTree = "<group>"; };
		499F5014296BA6F900AF6699 /* CommentCollectionViewCell.swift */ = {isa = PBXFileReference; lastKnownFileType = sourcecode.swift; path = CommentCollectionViewCell.swift; sourceTree = "<group>"; };
		499F5016296BBCD400AF6699 /* FixHegithViewController.swift */ = {isa = PBXFileReference; lastKnownFileType = sourcecode.swift; path = FixHegithViewController.swift; sourceTree = "<group>"; };
		499F5018296BC05400AF6699 /* CommentViewController.swift */ = {isa = PBXFileReference; lastKnownFileType = sourcecode.swift; path = CommentViewController.swift; sourceTree = "<group>"; };
		499F501A296BC3E700AF6699 /* ContentCell.swift */ = {isa = PBXFileReference; lastKnownFileType = sourcecode.swift; path = ContentCell.swift; sourceTree = "<group>"; };
		499F501D296BC6C800AF6699 /* ContentCreatorView.swift */ = {isa = PBXFileReference; lastKnownFileType = sourcecode.swift; path = ContentCreatorView.swift; sourceTree = "<group>"; };
		499F501F296BCBF300AF6699 /* ImageAndLabelView.swift */ = {isa = PBXFileReference; lastKnownFileType = sourcecode.swift; path = ImageAndLabelView.swift; sourceTree = "<group>"; };
		499F5021296BD70C00AF6699 /* IconAndLabelStackView.swift */ = {isa = PBXFileReference; lastKnownFileType = sourcecode.swift; path = IconAndLabelStackView.swift; sourceTree = "<group>"; };
		499F5023296BDA6A00AF6699 /* SeparatorView.swift */ = {isa = PBXFileReference; lastKnownFileType = sourcecode.swift; path = SeparatorView.swift; sourceTree = "<group>"; };
/* End PBXFileReference section */

/* Begin PBXFrameworksBuildPhase section */
		499F4FE6296B82A600AF6699 /* Frameworks */ = {
			isa = PBXFrameworksBuildPhase;
			buildActionMask = 2147483647;
			files = (
			);
			runOnlyForDeploymentPostprocessing = 0;
		};
/* End PBXFrameworksBuildPhase section */

/* Begin PBXGroup section */
		499F4FE0296B82A600AF6699 = {
			isa = PBXGroup;
			children = (
				499F4FEB296B82A600AF6699 /* ScrollViewCollectionHeight */,
				499F4FEA296B82A600AF6699 /* Products */,
			);
			sourceTree = "<group>";
		};
		499F4FEA296B82A600AF6699 /* Products */ = {
			isa = PBXGroup;
			children = (
				499F4FE9296B82A600AF6699 /* ScrollViewCollectionHeight.app */,
			);
			name = Products;
			sourceTree = "<group>";
		};
		499F4FEB296B82A600AF6699 /* ScrollViewCollectionHeight */ = {
			isa = PBXGroup;
			children = (
				499F5000296B8AC600AF6699 /* Delegate */,
				499F500C296B909800AF6699 /* Extensions */,
				499F5001296B8ACC00AF6699 /* Scene */,
				499F4FF5296B82AA00AF6699 /* Assets.xcassets */,
				499F4FF7296B82AA00AF6699 /* LaunchScreen.storyboard */,
				499F4FFA296B82AA00AF6699 /* Info.plist */,
			);
			path = ScrollViewCollectionHeight;
			sourceTree = "<group>";
		};
		499F5000296B8AC600AF6699 /* Delegate */ = {
			isa = PBXGroup;
			children = (
				499F4FEC296B82A600AF6699 /* AppDelegate.swift */,
				499F4FEE296B82A600AF6699 /* SceneDelegate.swift */,
			);
			path = Delegate;
			sourceTree = "<group>";
		};
		499F5001296B8ACC00AF6699 /* Scene */ = {
			isa = PBXGroup;
			children = (
				499F4FF0296B82A600AF6699 /* ViewController.swift */,
				499F5018296BC05400AF6699 /* CommentViewController.swift */,
				499F5016296BBCD400AF6699 /* FixHegithViewController.swift */,
				499F5002296B8AEB00AF6699 /* CommentView.swift */,
				499F501C296BC6A300AF6699 /* CommentViewCell */,
				499F5013296BA19400AF6699 /* CommentSubView */,
				499F5023296BDA6A00AF6699 /* SeparatorView.swift */,
			);
			path = Scene;
			sourceTree = "<group>";
		};
		499F500C296B909800AF6699 /* Extensions */ = {
			isa = PBXGroup;
			children = (
				499F500A296B908D00AF6699 /* Extension+UIViewController.swift */,
				499F500D296B935500AF6699 /* UIViewPreview.swift */,
			);
			path = Extensions;
			sourceTree = "<group>";
		};
		499F5013296BA19400AF6699 /* CommentSubView */ = {
			isa = PBXGroup;
			children = (
				499F5006296B8B5B00AF6699 /* LeftSortView.swift */,
				499F500F296B9C7800AF6699 /* RightSortView.swift */,
				499F5011296BA18D00AF6699 /* TopSortView.swift */,
				499F5014296BA6F900AF6699 /* CommentCollectionViewCell.swift */,
			);
			path = CommentSubView;
			sourceTree = "<group>";
		};
		499F501C296BC6A300AF6699 /* CommentViewCell */ = {
			isa = PBXGroup;
			children = (
				499F501A296BC3E700AF6699 /* ContentCell.swift */,
				499F501D296BC6C800AF6699 /* ContentCreatorView.swift */,
				499F501F296BCBF300AF6699 /* ImageAndLabelView.swift */,
				499F5021296BD70C00AF6699 /* IconAndLabelStackView.swift */,
			);
			path = CommentViewCell;
			sourceTree = "<group>";
		};
/* End PBXGroup section */

/* Begin PBXNativeTarget section */
		499F4FE8296B82A600AF6699 /* ScrollViewCollectionHeight */ = {
			isa = PBXNativeTarget;
			buildConfigurationList = 499F4FFD296B82AA00AF6699 /* Build configuration list for PBXNativeTarget "ScrollViewCollectionHeight" */;
			buildPhases = (
				499F4FE5296B82A600AF6699 /* Sources */,
				499F4FE6296B82A600AF6699 /* Frameworks */,
				499F4FE7296B82A600AF6699 /* Resources */,
			);
			buildRules = (
			);
			dependencies = (
			);
			name = ScrollViewCollectionHeight;
			productName = ScrollViewCollectionHeight;
			productReference = 499F4FE9296B82A600AF6699 /* ScrollViewCollectionHeight.app */;
			productType = "com.apple.product-type.application";
		};
/* End PBXNativeTarget section */

/* Begin PBXProject section */
		499F4FE1296B82A600AF6699 /* Project object */ = {
			isa = PBXProject;
			attributes = {
				BuildIndependentTargetsInParallel = 1;
				LastSwiftUpdateCheck = 1340;
				LastUpgradeCheck = 1340;
				TargetAttributes = {
					499F4FE8296B82A600AF6699 = {
						CreatedOnToolsVersion = 13.4.1;
					};
				};
			};
			buildConfigurationList = 499F4FE4296B82A600AF6699 /* Build configuration list for PBXProject "ScrollViewCollectionHeight" */;
			compatibilityVersion = "Xcode 13.0";
			developmentRegion = en;
			hasScannedForEncodings = 0;
			knownRegions = (
				en,
				Base,
			);
			mainGroup = 499F4FE0296B82A600AF6699;
			productRefGroup = 499F4FEA296B82A600AF6699 /* Products */;
			projectDirPath = "";
			projectRoot = "";
			targets = (
				499F4FE8296B82A600AF6699 /* ScrollViewCollectionHeight */,
			);
		};
/* End PBXProject section */

/* Begin PBXResourcesBuildPhase section */
		499F4FE7296B82A600AF6699 /* Resources */ = {
			isa = PBXResourcesBuildPhase;
			buildActionMask = 2147483647;
			files = (
				499F4FF9296B82AA00AF6699 /* LaunchScreen.storyboard in Resources */,
				499F4FF6296B82AA00AF6699 /* Assets.xcassets in Resources */,
			);
			runOnlyForDeploymentPostprocessing = 0;
		};
/* End PBXResourcesBuildPhase section */

/* Begin PBXSourcesBuildPhase section */
		499F4FE5296B82A600AF6699 /* Sources */ = {
			isa = PBXSourcesBuildPhase;
			buildActionMask = 2147483647;
			files = (
				499F4FF1296B82A600AF6699 /* ViewController.swift in Sources */,
				499F5012296BA18D00AF6699 /* TopSortView.swift in Sources */,
				499F5015296BA6F900AF6699 /* CommentCollectionViewCell.swift in Sources */,
				499F5022296BD70C00AF6699 /* IconAndLabelStackView.swift in Sources */,
				499F5024296BDA6A00AF6699 /* SeparatorView.swift in Sources */,
				499F500B296B908D00AF6699 /* Extension+UIViewController.swift in Sources */,
				499F4FED296B82A600AF6699 /* AppDelegate.swift in Sources */,
				499F5003296B8AEB00AF6699 /* CommentView.swift in Sources */,
				499F501B296BC3E700AF6699 /* ContentCell.swift in Sources */,
				499F501E296BC6C800AF6699 /* ContentCreatorView.swift in Sources */,
				499F500E296B935500AF6699 /* UIViewPreview.swift in Sources */,
				499F5017296BBCD400AF6699 /* FixHegithViewController.swift in Sources */,
				499F5020296BCBF300AF6699 /* ImageAndLabelView.swift in Sources */,
				499F5019296BC05400AF6699 /* CommentViewController.swift in Sources */,
				499F5007296B8B5B00AF6699 /* LeftSortView.swift in Sources */,
				499F4FEF296B82A600AF6699 /* SceneDelegate.swift in Sources */,
				499F5010296B9C7800AF6699 /* RightSortView.swift in Sources */,
			);
			runOnlyForDeploymentPostprocessing = 0;
		};
/* End PBXSourcesBuildPhase section */

/* Begin PBXVariantGroup section */
		499F4FF7296B82AA00AF6699 /* LaunchScreen.storyboard */ = {
			isa = PBXVariantGroup;
			children = (
				499F4FF8296B82AA00AF6699 /* Base */,
			);
			name = LaunchScreen.storyboard;
			sourceTree = "<group>";
		};
/* End PBXVariantGroup section */

/* Begin XCBuildConfiguration section */
		499F4FFB296B82AA00AF6699 /* Debug */ = {
			isa = XCBuildConfiguration;
			buildSettings = {
				ALWAYS_SEARCH_USER_PATHS = NO;
				CLANG_ANALYZER_NONNULL = YES;
				CLANG_ANALYZER_NUMBER_OBJECT_CONVERSION = YES_AGGRESSIVE;
				CLANG_CXX_LANGUAGE_STANDARD = "gnu++17";
				CLANG_ENABLE_MODULES = YES;
				CLANG_ENABLE_OBJC_ARC = YES;
				CLANG_ENABLE_OBJC_WEAK = YES;
				CLANG_WARN_BLOCK_CAPTURE_AUTORELEASING = YES;
				CLANG_WARN_BOOL_CONVERSION = YES;
				CLANG_WARN_COMMA = YES;
				CLANG_WARN_CONSTANT_CONVERSION = YES;
				CLANG_WARN_DEPRECATED_OBJC_IMPLEMENTATIONS = YES;
				CLANG_WARN_DIRECT_OBJC_ISA_USAGE = YES_ERROR;
				CLANG_WARN_DOCUMENTATION_COMMENTS = YES;
				CLANG_WARN_EMPTY_BODY = YES;
				CLANG_WARN_ENUM_CONVERSION = YES;
				CLANG_WARN_INFINITE_RECURSION = YES;
				CLANG_WARN_INT_CONVERSION = YES;
				CLANG_WARN_NON_LITERAL_NULL_CONVERSION = YES;
				CLANG_WARN_OBJC_IMPLICIT_RETAIN_SELF = YES;
				CLANG_WARN_OBJC_LITERAL_CONVERSION = YES;
				CLANG_WARN_OBJC_ROOT_CLASS = YES_ERROR;
				CLANG_WARN_QUOTED_INCLUDE_IN_FRAMEWORK_HEADER = YES;
				CLANG_WARN_RANGE_LOOP_ANALYSIS = YES;
				CLANG_WARN_STRICT_PROTOTYPES = YES;
				CLANG_WARN_SUSPICIOUS_MOVE = YES;
				CLANG_WARN_UNGUARDED_AVAILABILITY = YES_AGGRESSIVE;
				CLANG_WARN_UNREACHABLE_CODE = YES;
				CLANG_WARN__DUPLICATE_METHOD_MATCH = YES;
				COPY_PHASE_STRIP = NO;
				DEBUG_INFORMATION_FORMAT = dwarf;
				ENABLE_STRICT_OBJC_MSGSEND = YES;
				ENABLE_TESTABILITY = YES;
				GCC_C_LANGUAGE_STANDARD = gnu11;
				GCC_DYNAMIC_NO_PIC = NO;
				GCC_NO_COMMON_BLOCKS = YES;
				GCC_OPTIMIZATION_LEVEL = 0;
				GCC_PREPROCESSOR_DEFINITIONS = (
					"DEBUG=1",
					"$(inherited)",
				);
				GCC_WARN_64_TO_32_BIT_CONVERSION = YES;
				GCC_WARN_ABOUT_RETURN_TYPE = YES_ERROR;
				GCC_WARN_UNDECLARED_SELECTOR = YES;
				GCC_WARN_UNINITIALIZED_AUTOS = YES_AGGRESSIVE;
				GCC_WARN_UNUSED_FUNCTION = YES;
				GCC_WARN_UNUSED_VARIABLE = YES;
				IPHONEOS_DEPLOYMENT_TARGET = 15.5;
				MTL_ENABLE_DEBUG_INFO = INCLUDE_SOURCE;
				MTL_FAST_MATH = YES;
				ONLY_ACTIVE_ARCH = YES;
				SDKROOT = iphoneos;
				SWIFT_ACTIVE_COMPILATION_CONDITIONS = DEBUG;
				SWIFT_OPTIMIZATION_LEVEL = "-Onone";
			};
			name = Debug;
		};
		499F4FFC296B82AA00AF6699 /* Release */ = {
			isa = XCBuildConfiguration;
			buildSettings = {
				ALWAYS_SEARCH_USER_PATHS = NO;
				CLANG_ANALYZER_NONNULL = YES;
				CLANG_ANALYZER_NUMBER_OBJECT_CONVERSION = YES_AGGRESSIVE;
				CLANG_CXX_LANGUAGE_STANDARD = "gnu++17";
				CLANG_ENABLE_MODULES = YES;
				CLANG_ENABLE_OBJC_ARC = YES;
				CLANG_ENABLE_OBJC_WEAK = YES;
				CLANG_WARN_BLOCK_CAPTURE_AUTORELEASING = YES;
				CLANG_WARN_BOOL_CONVERSION = YES;
				CLANG_WARN_COMMA = YES;
				CLANG_WARN_CONSTANT_CONVERSION = YES;
				CLANG_WARN_DEPRECATED_OBJC_IMPLEMENTATIONS = YES;
				CLANG_WARN_DIRECT_OBJC_ISA_USAGE = YES_ERROR;
				CLANG_WARN_DOCUMENTATION_COMMENTS = YES;
				CLANG_WARN_EMPTY_BODY = YES;
				CLANG_WARN_ENUM_CONVERSION = YES;
				CLANG_WARN_INFINITE_RECURSION = YES;
				CLANG_WARN_INT_CONVERSION = YES;
				CLANG_WARN_NON_LITERAL_NULL_CONVERSION = YES;
				CLANG_WARN_OBJC_IMPLICIT_RETAIN_SELF = YES;
				CLANG_WARN_OBJC_LITERAL_CONVERSION = YES;
				CLANG_WARN_OBJC_ROOT_CLASS = YES_ERROR;
				CLANG_WARN_QUOTED_INCLUDE_IN_FRAMEWORK_HEADER = YES;
				CLANG_WARN_RANGE_LOOP_ANALYSIS = YES;
				CLANG_WARN_STRICT_PROTOTYPES = YES;
				CLANG_WARN_SUSPICIOUS_MOVE = YES;
				CLANG_WARN_UNGUARDED_AVAILABILITY = YES_AGGRESSIVE;
				CLANG_WARN_UNREACHABLE_CODE = YES;
				CLANG_WARN__DUPLICATE_METHOD_MATCH = YES;
				COPY_PHASE_STRIP = NO;
				DEBUG_INFORMATION_FORMAT = "dwarf-with-dsym";
				ENABLE_NS_ASSERTIONS = NO;
				ENABLE_STRICT_OBJC_MSGSEND = YES;
				GCC_C_LANGUAGE_STANDARD = gnu11;
				GCC_NO_COMMON_BLOCKS = YES;
				GCC_WARN_64_TO_32_BIT_CONVERSION = YES;
				GCC_WARN_ABOUT_RETURN_TYPE = YES_ERROR;
				GCC_WARN_UNDECLARED_SELECTOR = YES;
				GCC_WARN_UNINITIALIZED_AUTOS = YES_AGGRESSIVE;
				GCC_WARN_UNUSED_FUNCTION = YES;
				GCC_WARN_UNUSED_VARIABLE = YES;
				IPHONEOS_DEPLOYMENT_TARGET = 15.5;
				MTL_ENABLE_DEBUG_INFO = NO;
				MTL_FAST_MATH = YES;
				SDKROOT = iphoneos;
				SWIFT_COMPILATION_MODE = wholemodule;
				SWIFT_OPTIMIZATION_LEVEL = "-O";
				VALIDATE_PRODUCT = YES;
			};
			name = Release;
		};
		499F4FFE296B82AA00AF6699 /* Debug */ = {
			isa = XCBuildConfiguration;
			buildSettings = {
				ASSETCATALOG_COMPILER_APPICON_NAME = AppIcon;
				ASSETCATALOG_COMPILER_GLOBAL_ACCENT_COLOR_NAME = AccentColor;
				CODE_SIGN_STYLE = Automatic;
				CURRENT_PROJECT_VERSION = 1;
				DEVELOPMENT_TEAM = HDFLLXK789;
				GENERATE_INFOPLIST_FILE = YES;
				INFOPLIST_FILE = ScrollViewCollectionHeight/Info.plist;
				INFOPLIST_KEY_UIApplicationSupportsIndirectInputEvents = YES;
				INFOPLIST_KEY_UILaunchStoryboardName = LaunchScreen;
				INFOPLIST_KEY_UIMainStoryboardFile = "";
				INFOPLIST_KEY_UISupportedInterfaceOrientations_iPad = "UIInterfaceOrientationPortrait UIInterfaceOrientationPortraitUpsideDown UIInterfaceOrientationLandscapeLeft UIInterfaceOrientationLandscapeRight";
				INFOPLIST_KEY_UISupportedInterfaceOrientations_iPhone = "UIInterfaceOrientationPortrait UIInterfaceOrientationLandscapeLeft UIInterfaceOrientationLandscapeRight";
				LD_RUNPATH_SEARCH_PATHS = (
					"$(inherited)",
					"@executable_path/Frameworks",
				);
				MARKETING_VERSION = 1.0;
				PRODUCT_BUNDLE_IDENTIFIER = com.ycompany.ScrollViewCollectionHeight;
				PRODUCT_NAME = "$(TARGET_NAME)";
				SWIFT_EMIT_LOC_STRINGS = YES;
				SWIFT_VERSION = 5.0;
				TARGETED_DEVICE_FAMILY = "1,2";
			};
			name = Debug;
		};
		499F4FFF296B82AA00AF6699 /* Release */ = {
			isa = XCBuildConfiguration;
			buildSettings = {
				ASSETCATALOG_COMPILER_APPICON_NAME = AppIcon;
				ASSETCATALOG_COMPILER_GLOBAL_ACCENT_COLOR_NAME = AccentColor;
				CODE_SIGN_STYLE = Automatic;
				CURRENT_PROJECT_VERSION = 1;
				DEVELOPMENT_TEAM = HDFLLXK789;
				GENERATE_INFOPLIST_FILE = YES;
				INFOPLIST_FILE = ScrollViewCollectionHeight/Info.plist;
				INFOPLIST_KEY_UIApplicationSupportsIndirectInputEvents = YES;
				INFOPLIST_KEY_UILaunchStoryboardName = LaunchScreen;
				INFOPLIST_KEY_UIMainStoryboardFile = "";
				INFOPLIST_KEY_UISupportedInterfaceOrientations_iPad = "UIInterfaceOrientationPortrait UIInterfaceOrientationPortraitUpsideDown UIInterfaceOrientationLandscapeLeft UIInterfaceOrientationLandscapeRight";
				INFOPLIST_KEY_UISupportedInterfaceOrientations_iPhone = "UIInterfaceOrientationPortrait UIInterfaceOrientationLandscapeLeft UIInterfaceOrientationLandscapeRight";
				LD_RUNPATH_SEARCH_PATHS = (
					"$(inherited)",
					"@executable_path/Frameworks",
				);
				MARKETING_VERSION = 1.0;
				PRODUCT_BUNDLE_IDENTIFIER = com.ycompany.ScrollViewCollectionHeight;
				PRODUCT_NAME = "$(TARGET_NAME)";
				SWIFT_EMIT_LOC_STRINGS = YES;
				SWIFT_VERSION = 5.0;
				TARGETED_DEVICE_FAMILY = "1,2";
			};
			name = Release;
		};
/* End XCBuildConfiguration section */

/* Begin XCConfigurationList section */
		499F4FE4296B82A600AF6699 /* Build configuration list for PBXProject "ScrollViewCollectionHeight" */ = {
			isa = XCConfigurationList;
			buildConfigurations = (
				499F4FFB296B82AA00AF6699 /* Debug */,
				499F4FFC296B82AA00AF6699 /* Release */,
			);
			defaultConfigurationIsVisible = 0;
			defaultConfigurationName = Release;
		};
		499F4FFD296B82AA00AF6699 /* Build configuration list for PBXNativeTarget "ScrollViewCollectionHeight" */ = {
			isa = XCConfigurationList;
			buildConfigurations = (
				499F4FFE296B82AA00AF6699 /* Debug */,
				499F4FFF296B82AA00AF6699 /* Release */,
			);
			defaultConfigurationIsVisible = 0;
			defaultConfigurationName = Release;
		};
/* End XCConfigurationList section */
	};
	rootObject = 499F4FE1296B82A600AF6699 /* Project object */;
}
